// !$*UTF8*$!
{
	archiveVersion = 1;
	classes = {
	};
	objectVersion = 46;
	objects = {

/* Begin PBXBuildFile section */
		CED543EE19C53D1C00D6C2DC /* Foundation.framework in Frameworks */ = {isa = PBXBuildFile; fileRef = CED543ED19C53D1C00D6C2DC /* Foundation.framework */; };
		CED543F019C53D1C00D6C2DC /* CoreGraphics.framework in Frameworks */ = {isa = PBXBuildFile; fileRef = CED543EF19C53D1C00D6C2DC /* CoreGraphics.framework */; };
		CED543F219C53D1C00D6C2DC /* UIKit.framework in Frameworks */ = {isa = PBXBuildFile; fileRef = CED543F119C53D1C00D6C2DC /* UIKit.framework */; };
		CED543F819C53D1C00D6C2DC /* InfoPlist.strings in Resources */ = {isa = PBXBuildFile; fileRef = CED543F619C53D1C00D6C2DC /* InfoPlist.strings */; };
		CED543FA19C53D1C00D6C2DC /* main.m in Sources */ = {isa = PBXBuildFile; fileRef = CED543F919C53D1C00D6C2DC /* main.m */; };
		CED543FE19C53D1C00D6C2DC /* AppDelegate.m in Sources */ = {isa = PBXBuildFile; fileRef = CED543FD19C53D1C00D6C2DC /* AppDelegate.m */; };
		CED5440119C53D1C00D6C2DC /* Main.storyboard in Resources */ = {isa = PBXBuildFile; fileRef = CED543FF19C53D1C00D6C2DC /* Main.storyboard */; };
		CED5440619C53D1C00D6C2DC /* Images.xcassets in Resources */ = {isa = PBXBuildFile; fileRef = CED5440519C53D1C00D6C2DC /* Images.xcassets */; };
		CED5440D19C53D1C00D6C2DC /* XCTest.framework in Frameworks */ = {isa = PBXBuildFile; fileRef = CED5440C19C53D1C00D6C2DC /* XCTest.framework */; };
		CED5440E19C53D1C00D6C2DC /* Foundation.framework in Frameworks */ = {isa = PBXBuildFile; fileRef = CED543ED19C53D1C00D6C2DC /* Foundation.framework */; };
		CED5440F19C53D1C00D6C2DC /* UIKit.framework in Frameworks */ = {isa = PBXBuildFile; fileRef = CED543F119C53D1C00D6C2DC /* UIKit.framework */; };
		CED5441719C53D1C00D6C2DC /* InfoPlist.strings in Resources */ = {isa = PBXBuildFile; fileRef = CED5441519C53D1C00D6C2DC /* InfoPlist.strings */; };
		CED5441919C53D1C00D6C2DC /* ResourceShareTests.m in Sources */ = {isa = PBXBuildFile; fileRef = CED5441819C53D1C00D6C2DC /* ResourceShareTests.m */; };
		CED5442419C53EAD00D6C2DC /* HomeTableViewController.m in Sources */ = {isa = PBXBuildFile; fileRef = CED5442319C53EAD00D6C2DC /* HomeTableViewController.m */; };
		CED5442A19C566F500D6C2DC /* CreateViewController.m in Sources */ = {isa = PBXBuildFile; fileRef = CED5442919C566F500D6C2DC /* CreateViewController.m */; };
		CED5442D19C574D600D6C2DC /* ProductListTableViewController.m in Sources */ = {isa = PBXBuildFile; fileRef = CED5442C19C574D600D6C2DC /* ProductListTableViewController.m */; };
		CED5443219C5833D00D6C2DC /* ProfileViewController.m in Sources */ = {isa = PBXBuildFile; fileRef = CED5443119C5833D00D6C2DC /* ProfileViewController.m */; };
		CED5443519C58DCF00D6C2DC /* ResourceViewController.m in Sources */ = {isa = PBXBuildFile; fileRef = CED5443419C58DCF00D6C2DC /* ResourceViewController.m */; };
		CED5443819C592B700D6C2DC /* FinalDescriptionViewController.m in Sources */ = {isa = PBXBuildFile; fileRef = CED5443719C592B700D6C2DC /* FinalDescriptionViewController.m */; };
/* End PBXBuildFile section */

/* Begin PBXContainerItemProxy section */
		CED5441019C53D1C00D6C2DC /* PBXContainerItemProxy */ = {
			isa = PBXContainerItemProxy;
			containerPortal = CED543E219C53D1C00D6C2DC /* Project object */;
			proxyType = 1;
			remoteGlobalIDString = CED543E919C53D1C00D6C2DC;
			remoteInfo = ResourceShare;
		};
/* End PBXContainerItemProxy section */

/* Begin PBXFileReference section */
		CED543EA19C53D1C00D6C2DC /* ResourceShare.app */ = {isa = PBXFileReference; explicitFileType = wrapper.application; includeInIndex = 0; path = ResourceShare.app; sourceTree = BUILT_PRODUCTS_DIR; };
		CED543ED19C53D1C00D6C2DC /* Foundation.framework */ = {isa = PBXFileReference; lastKnownFileType = wrapper.framework; name = Foundation.framework; path = System/Library/Frameworks/Foundation.framework; sourceTree = SDKROOT; };
		CED543EF19C53D1C00D6C2DC /* CoreGraphics.framework */ = {isa = PBXFileReference; lastKnownFileType = wrapper.framework; name = CoreGraphics.framework; path = System/Library/Frameworks/CoreGraphics.framework; sourceTree = SDKROOT; };
		CED543F119C53D1C00D6C2DC /* UIKit.framework */ = {isa = PBXFileReference; lastKnownFileType = wrapper.framework; name = UIKit.framework; path = System/Library/Frameworks/UIKit.framework; sourceTree = SDKROOT; };
		CED543F519C53D1C00D6C2DC /* ResourceShare-Info.plist */ = {isa = PBXFileReference; lastKnownFileType = text.plist.xml; path = "ResourceShare-Info.plist"; sourceTree = "<group>"; };
		CED543F719C53D1C00D6C2DC /* en */ = {isa = PBXFileReference; lastKnownFileType = text.plist.strings; name = en; path = en.lproj/InfoPlist.strings; sourceTree = "<group>"; };
		CED543F919C53D1C00D6C2DC /* main.m */ = {isa = PBXFileReference; lastKnownFileType = sourcecode.c.objc; path = main.m; sourceTree = "<group>"; };
		CED543FB19C53D1C00D6C2DC /* ResourceShare-Prefix.pch */ = {isa = PBXFileReference; lastKnownFileType = sourcecode.c.h; path = "ResourceShare-Prefix.pch"; sourceTree = "<group>"; };
		CED543FC19C53D1C00D6C2DC /* AppDelegate.h */ = {isa = PBXFileReference; lastKnownFileType = sourcecode.c.h; path = AppDelegate.h; sourceTree = "<group>"; };
		CED543FD19C53D1C00D6C2DC /* AppDelegate.m */ = {isa = PBXFileReference; lastKnownFileType = sourcecode.c.objc; path = AppDelegate.m; sourceTree = "<group>"; };
		CED5440019C53D1C00D6C2DC /* Base */ = {isa = PBXFileReference; lastKnownFileType = file.storyboard; name = Base; path = Base.lproj/Main.storyboard; sourceTree = "<group>"; };
		CED5440519C53D1C00D6C2DC /* Images.xcassets */ = {isa = PBXFileReference; lastKnownFileType = folder.assetcatalog; path = Images.xcassets; sourceTree = "<group>"; };
		CED5440B19C53D1C00D6C2DC /* ResourceShareTests.xctest */ = {isa = PBXFileReference; explicitFileType = wrapper.cfbundle; includeInIndex = 0; path = ResourceShareTests.xctest; sourceTree = BUILT_PRODUCTS_DIR; };
		CED5440C19C53D1C00D6C2DC /* XCTest.framework */ = {isa = PBXFileReference; lastKnownFileType = wrapper.framework; name = XCTest.framework; path = Library/Frameworks/XCTest.framework; sourceTree = DEVELOPER_DIR; };
		CED5441419C53D1C00D6C2DC /* ResourceShareTests-Info.plist */ = {isa = PBXFileReference; lastKnownFileType = text.plist.xml; path = "ResourceShareTests-Info.plist"; sourceTree = "<group>"; };
		CED5441619C53D1C00D6C2DC /* en */ = {isa = PBXFileReference; lastKnownFileType = text.plist.strings; name = en; path = en.lproj/InfoPlist.strings; sourceTree = "<group>"; };
		CED5441819C53D1C00D6C2DC /* ResourceShareTests.m */ = {isa = PBXFileReference; lastKnownFileType = sourcecode.c.objc; path = ResourceShareTests.m; sourceTree = "<group>"; };
		CED5442219C53EAD00D6C2DC /* HomeTableViewController.h */ = {isa = PBXFileReference; fileEncoding = 4; lastKnownFileType = sourcecode.c.h; path = HomeTableViewController.h; sourceTree = "<group>"; };
		CED5442319C53EAD00D6C2DC /* HomeTableViewController.m */ = {isa = PBXFileReference; fileEncoding = 4; lastKnownFileType = sourcecode.c.objc; path = HomeTableViewController.m; sourceTree = "<group>"; };
		CED5442819C566F500D6C2DC /* CreateViewController.h */ = {isa = PBXFileReference; fileEncoding = 4; lastKnownFileType = sourcecode.c.h; name = CreateViewController.h; path = ../CreateViewController.h; sourceTree = "<group>"; };
		CED5442919C566F500D6C2DC /* CreateViewController.m */ = {isa = PBXFileReference; fileEncoding = 4; lastKnownFileType = sourcecode.c.objc; name = CreateViewController.m; path = ../CreateViewController.m; sourceTree = "<group>"; };
		CED5442B19C574D600D6C2DC /* ProductListTableViewController.h */ = {isa = PBXFileReference; fileEncoding = 4; lastKnownFileType = sourcecode.c.h; path = ProductListTableViewController.h; sourceTree = "<group>"; };
		CED5442C19C574D600D6C2DC /* ProductListTableViewController.m */ = {isa = PBXFileReference; fileEncoding = 4; lastKnownFileType = sourcecode.c.objc; path = ProductListTableViewController.m; sourceTree = "<group>"; };
		CED5443019C5833D00D6C2DC /* ProfileViewController.h */ = {isa = PBXFileReference; fileEncoding = 4; lastKnownFileType = sourcecode.c.h; path = ProfileViewController.h; sourceTree = "<group>"; };
		CED5443119C5833D00D6C2DC /* ProfileViewController.m */ = {isa = PBXFileReference; fileEncoding = 4; lastKnownFileType = sourcecode.c.objc; path = ProfileViewController.m; sourceTree = "<group>"; };
		CED5443319C58DCF00D6C2DC /* ResourceViewController.h */ = {isa = PBXFileReference; fileEncoding = 4; lastKnownFileType = sourcecode.c.h; path = ResourceViewController.h; sourceTree = "<group>"; };
		CED5443419C58DCF00D6C2DC /* ResourceViewController.m */ = {isa = PBXFileReference; fileEncoding = 4; lastKnownFileType = sourcecode.c.objc; path = ResourceViewController.m; sourceTree = "<group>"; };
		CED5443619C592B700D6C2DC /* FinalDescriptionViewController.h */ = {isa = PBXFileReference; fileEncoding = 4; lastKnownFileType = sourcecode.c.h; path = FinalDescriptionViewController.h; sourceTree = "<group>"; };
		CED5443719C592B700D6C2DC /* FinalDescriptionViewController.m */ = {isa = PBXFileReference; fileEncoding = 4; lastKnownFileType = sourcecode.c.objc; path = FinalDescriptionViewController.m; sourceTree = "<group>"; };
/* End PBXFileReference section */

/* Begin PBXFrameworksBuildPhase section */
		CED543E719C53D1C00D6C2DC /* Frameworks */ = {
			isa = PBXFrameworksBuildPhase;
			buildActionMask = 2147483647;
			files = (
				CED543F019C53D1C00D6C2DC /* CoreGraphics.framework in Frameworks */,
				CED543F219C53D1C00D6C2DC /* UIKit.framework in Frameworks */,
				CED543EE19C53D1C00D6C2DC /* Foundation.framework in Frameworks */,
			);
			runOnlyForDeploymentPostprocessing = 0;
		};
		CED5440819C53D1C00D6C2DC /* Frameworks */ = {
			isa = PBXFrameworksBuildPhase;
			buildActionMask = 2147483647;
			files = (
				CED5440D19C53D1C00D6C2DC /* XCTest.framework in Frameworks */,
				CED5440F19C53D1C00D6C2DC /* UIKit.framework in Frameworks */,
				CED5440E19C53D1C00D6C2DC /* Foundation.framework in Frameworks */,
			);
			runOnlyForDeploymentPostprocessing = 0;
		};
/* End PBXFrameworksBuildPhase section */

/* Begin PBXGroup section */
		CED543E119C53D1C00D6C2DC = {
			isa = PBXGroup;
			children = (
				CED543F319C53D1C00D6C2DC /* ResourceShare */,
				CED5441219C53D1C00D6C2DC /* ResourceShareTests */,
				CED543EC19C53D1C00D6C2DC /* Frameworks */,
				CED543EB19C53D1C00D6C2DC /* Products */,
			);
			sourceTree = "<group>";
		};
		CED543EB19C53D1C00D6C2DC /* Products */ = {
			isa = PBXGroup;
			children = (
				CED543EA19C53D1C00D6C2DC /* ResourceShare.app */,
				CED5440B19C53D1C00D6C2DC /* ResourceShareTests.xctest */,
			);
			name = Products;
			sourceTree = "<group>";
		};
		CED543EC19C53D1C00D6C2DC /* Frameworks */ = {
			isa = PBXGroup;
			children = (
				CED543ED19C53D1C00D6C2DC /* Foundation.framework */,
				CED543EF19C53D1C00D6C2DC /* CoreGraphics.framework */,
				CED543F119C53D1C00D6C2DC /* UIKit.framework */,
				CED5440C19C53D1C00D6C2DC /* XCTest.framework */,
			);
			name = Frameworks;
			sourceTree = "<group>";
		};
		CED543F319C53D1C00D6C2DC /* ResourceShare */ = {
			isa = PBXGroup;
			children = (
				CED543FC19C53D1C00D6C2DC /* AppDelegate.h */,
				CED543FD19C53D1C00D6C2DC /* AppDelegate.m */,
				CED543FF19C53D1C00D6C2DC /* Main.storyboard */,
				CED5443619C592B700D6C2DC /* FinalDescriptionViewController.h */,
				CED5443719C592B700D6C2DC /* FinalDescriptionViewController.m */,
				CED5443319C58DCF00D6C2DC /* ResourceViewController.h */,
				CED5443419C58DCF00D6C2DC /* ResourceViewController.m */,
				CED5443019C5833D00D6C2DC /* ProfileViewController.h */,
				CED5443119C5833D00D6C2DC /* ProfileViewController.m */,
				CED5442B19C574D600D6C2DC /* ProductListTableViewController.h */,
				CED5442C19C574D600D6C2DC /* ProductListTableViewController.m */,
				CED5442219C53EAD00D6C2DC /* HomeTableViewController.h */,
				CED5442319C53EAD00D6C2DC /* HomeTableViewController.m */,
				CED5442819C566F500D6C2DC /* CreateViewController.h */,
				CED5442919C566F500D6C2DC /* CreateViewController.m */,
				CED5440519C53D1C00D6C2DC /* Images.xcassets */,
				CED543F419C53D1C00D6C2DC /* Supporting Files */,
			);
			path = ResourceShare;
			sourceTree = "<group>";
		};
		CED543F419C53D1C00D6C2DC /* Supporting Files */ = {
			isa = PBXGroup;
			children = (
				CED543F519C53D1C00D6C2DC /* ResourceShare-Info.plist */,
				CED543F619C53D1C00D6C2DC /* InfoPlist.strings */,
				CED543F919C53D1C00D6C2DC /* main.m */,
				CED543FB19C53D1C00D6C2DC /* ResourceShare-Prefix.pch */,
			);
			name = "Supporting Files";
			sourceTree = "<group>";
		};
		CED5441219C53D1C00D6C2DC /* ResourceShareTests */ = {
			isa = PBXGroup;
			children = (
				CED5441819C53D1C00D6C2DC /* ResourceShareTests.m */,
				CED5441319C53D1C00D6C2DC /* Supporting Files */,
			);
			path = ResourceShareTests;
			sourceTree = "<group>";
		};
		CED5441319C53D1C00D6C2DC /* Supporting Files */ = {
			isa = PBXGroup;
			children = (
				CED5441419C53D1C00D6C2DC /* ResourceShareTests-Info.plist */,
				CED5441519C53D1C00D6C2DC /* InfoPlist.strings */,
			);
			name = "Supporting Files";
			sourceTree = "<group>";
		};
/* End PBXGroup section */

/* Begin PBXNativeTarget section */
		CED543E919C53D1C00D6C2DC /* ResourceShare */ = {
			isa = PBXNativeTarget;
			buildConfigurationList = CED5441C19C53D1C00D6C2DC /* Build configuration list for PBXNativeTarget "ResourceShare" */;
			buildPhases = (
				CED543E619C53D1C00D6C2DC /* Sources */,
				CED543E719C53D1C00D6C2DC /* Frameworks */,
				CED543E819C53D1C00D6C2DC /* Resources */,
			);
			buildRules = (
			);
			dependencies = (
			);
			name = ResourceShare;
			productName = ResourceShare;
			productReference = CED543EA19C53D1C00D6C2DC /* ResourceShare.app */;
			productType = "com.apple.product-type.application";
		};
		CED5440A19C53D1C00D6C2DC /* ResourceShareTests */ = {
			isa = PBXNativeTarget;
			buildConfigurationList = CED5441F19C53D1C00D6C2DC /* Build configuration list for PBXNativeTarget "ResourceShareTests" */;
			buildPhases = (
				CED5440719C53D1C00D6C2DC /* Sources */,
				CED5440819C53D1C00D6C2DC /* Frameworks */,
				CED5440919C53D1C00D6C2DC /* Resources */,
			);
			buildRules = (
			);
			dependencies = (
				CED5441119C53D1C00D6C2DC /* PBXTargetDependency */,
			);
			name = ResourceShareTests;
			productName = ResourceShareTests;
			productReference = CED5440B19C53D1C00D6C2DC /* ResourceShareTests.xctest */;
			productType = "com.apple.product-type.bundle.unit-test";
		};
/* End PBXNativeTarget section */

/* Begin PBXProject section */
		CED543E219C53D1C00D6C2DC /* Project object */ = {
			isa = PBXProject;
			attributes = {
				LastUpgradeCheck = 0510;
				ORGANIZATIONNAME = Mysfits;
				TargetAttributes = {
					CED5440A19C53D1C00D6C2DC = {
						TestTargetID = CED543E919C53D1C00D6C2DC;
					};
				};
			};
			buildConfigurationList = CED543E519C53D1C00D6C2DC /* Build configuration list for PBXProject "ResourceShare" */;
			compatibilityVersion = "Xcode 3.2";
			developmentRegion = English;
			hasScannedForEncodings = 0;
			knownRegions = (
				en,
				Base,
			);
			mainGroup = CED543E119C53D1C00D6C2DC;
			productRefGroup = CED543EB19C53D1C00D6C2DC /* Products */;
			projectDirPath = "";
			projectRoot = "";
			targets = (
				CED543E919C53D1C00D6C2DC /* ResourceShare */,
				CED5440A19C53D1C00D6C2DC /* ResourceShareTests */,
			);
		};
/* End PBXProject section */

/* Begin PBXResourcesBuildPhase section */
		CED543E819C53D1C00D6C2DC /* Resources */ = {
			isa = PBXResourcesBuildPhase;
			buildActionMask = 2147483647;
			files = (
				CED5440619C53D1C00D6C2DC /* Images.xcassets in Resources */,
				CED543F819C53D1C00D6C2DC /* InfoPlist.strings in Resources */,
				CED5440119C53D1C00D6C2DC /* Main.storyboard in Resources */,
			);
			runOnlyForDeploymentPostprocessing = 0;
		};
		CED5440919C53D1C00D6C2DC /* Resources */ = {
			isa = PBXResourcesBuildPhase;
			buildActionMask = 2147483647;
			files = (
				CED5441719C53D1C00D6C2DC /* InfoPlist.strings in Resources */,
			);
			runOnlyForDeploymentPostprocessing = 0;
		};
/* End PBXResourcesBuildPhase section */

/* Begin PBXSourcesBuildPhase section */
		CED543E619C53D1C00D6C2DC /* Sources */ = {
			isa = PBXSourcesBuildPhase;
			buildActionMask = 2147483647;
			files = (
				CED5443819C592B700D6C2DC /* FinalDescriptionViewController.m in Sources */,
				CED5442A19C566F500D6C2DC /* CreateViewController.m in Sources */,
				CED543FE19C53D1C00D6C2DC /* AppDelegate.m in Sources */,
				CED5442D19C574D600D6C2DC /* ProductListTableViewController.m in Sources */,
				CED5442419C53EAD00D6C2DC /* HomeTableViewController.m in Sources */,
				CED5443519C58DCF00D6C2DC /* ResourceViewController.m in Sources */,
				CED5443219C5833D00D6C2DC /* ProfileViewController.m in Sources */,
				CED543FA19C53D1C00D6C2DC /* main.m in Sources */,
			);
			runOnlyForDeploymentPostprocessing = 0;
		};
		CED5440719C53D1C00D6C2DC /* Sources */ = {
			isa = PBXSourcesBuildPhase;
			buildActionMask = 2147483647;
			files = (
				CED5441919C53D1C00D6C2DC /* ResourceShareTests.m in Sources */,
			);
			runOnlyForDeploymentPostprocessing = 0;
		};
/* End PBXSourcesBuildPhase section */

/* Begin PBXTargetDependency section */
		CED5441119C53D1C00D6C2DC /* PBXTargetDependency */ = {
			isa = PBXTargetDependency;
			target = CED543E919C53D1C00D6C2DC /* ResourceShare */;
			targetProxy = CED5441019C53D1C00D6C2DC /* PBXContainerItemProxy */;
		};
/* End PBXTargetDependency section */

/* Begin PBXVariantGroup section */
		CED543F619C53D1C00D6C2DC /* InfoPlist.strings */ = {
			isa = PBXVariantGroup;
			children = (
				CED543F719C53D1C00D6C2DC /* en */,
			);
			name = InfoPlist.strings;
			sourceTree = "<group>";
		};
		CED543FF19C53D1C00D6C2DC /* Main.storyboard */ = {
			isa = PBXVariantGroup;
			children = (
				CED5440019C53D1C00D6C2DC /* Base */,
			);
			name = Main.storyboard;
			sourceTree = "<group>";
		};
		CED5441519C53D1C00D6C2DC /* InfoPlist.strings */ = {
			isa = PBXVariantGroup;
			children = (
				CED5441619C53D1C00D6C2DC /* en */,
			);
			name = InfoPlist.strings;
			sourceTree = "<group>";
		};
/* End PBXVariantGroup section */

/* Begin XCBuildConfiguration section */
		CED5441A19C53D1C00D6C2DC /* Debug */ = {
			isa = XCBuildConfiguration;
			buildSettings = {
				ALWAYS_SEARCH_USER_PATHS = NO;
				CLANG_CXX_LANGUAGE_STANDARD = "gnu++0x";
				CLANG_CXX_LIBRARY = "libc++";
				CLANG_ENABLE_MODULES = YES;
				CLANG_ENABLE_OBJC_ARC = YES;
				CLANG_WARN_BOOL_CONVERSION = YES;
				CLANG_WARN_CONSTANT_CONVERSION = YES;
				CLANG_WARN_DIRECT_OBJC_ISA_USAGE = YES_ERROR;
				CLANG_WARN_EMPTY_BODY = YES;
				CLANG_WARN_ENUM_CONVERSION = YES;
				CLANG_WARN_INT_CONVERSION = YES;
				CLANG_WARN_OBJC_ROOT_CLASS = YES_ERROR;
				CLANG_WARN__DUPLICATE_METHOD_MATCH = YES;
				"CODE_SIGN_IDENTITY[sdk=iphoneos*]" = "iPhone Developer";
				COPY_PHASE_STRIP = NO;
				GCC_C_LANGUAGE_STANDARD = gnu99;
				GCC_DYNAMIC_NO_PIC = NO;
				GCC_OPTIMIZATION_LEVEL = 0;
				GCC_PREPROCESSOR_DEFINITIONS = (
					"DEBUG=1",
					"$(inherited)",
				);
				GCC_SYMBOLS_PRIVATE_EXTERN = NO;
				GCC_WARN_64_TO_32_BIT_CONVERSION = YES;
				GCC_WARN_ABOUT_RETURN_TYPE = YES_ERROR;
				GCC_WARN_UNDECLARED_SELECTOR = YES;
				GCC_WARN_UNINITIALIZED_AUTOS = YES_AGGRESSIVE;
				GCC_WARN_UNUSED_FUNCTION = YES;
				GCC_WARN_UNUSED_VARIABLE = YES;
				IPHONEOS_DEPLOYMENT_TARGET = 7.1;
				ONLY_ACTIVE_ARCH = YES;
				SDKROOT = iphoneos;
			};
			name = Debug;
		};
		CED5441B19C53D1C00D6C2DC /* Release */ = {
			isa = XCBuildConfiguration;
			buildSettings = {
				ALWAYS_SEARCH_USER_PATHS = NO;
				CLANG_CXX_LANGUAGE_STANDARD = "gnu++0x";
				CLANG_CXX_LIBRARY = "libc++";
				CLANG_ENABLE_MODULES = YES;
				CLANG_ENABLE_OBJC_ARC = YES;
				CLANG_WARN_BOOL_CONVERSION = YES;
				CLANG_WARN_CONSTANT_CONVERSION = YES;
				CLANG_WARN_DIRECT_OBJC_ISA_USAGE = YES_ERROR;
				CLANG_WARN_EMPTY_BODY = YES;
				CLANG_WARN_ENUM_CONVERSION = YES;
				CLANG_WARN_INT_CONVERSION = YES;
				CLANG_WARN_OBJC_ROOT_CLASS = YES_ERROR;
				CLANG_WARN__DUPLICATE_METHOD_MATCH = YES;
				"CODE_SIGN_IDENTITY[sdk=iphoneos*]" = "iPhone Developer";
				COPY_PHASE_STRIP = YES;
				ENABLE_NS_ASSERTIONS = NO;
				GCC_C_LANGUAGE_STANDARD = gnu99;
				GCC_WARN_64_TO_32_BIT_CONVERSION = YES;
				GCC_WARN_ABOUT_RETURN_TYPE = YES_ERROR;
				GCC_WARN_UNDECLARED_SELECTOR = YES;
				GCC_WARN_UNINITIALIZED_AUTOS = YES_AGGRESSIVE;
				GCC_WARN_UNUSED_FUNCTION = YES;
				GCC_WARN_UNUSED_VARIABLE = YES;
				IPHONEOS_DEPLOYMENT_TARGET = 7.1;
				SDKROOT = iphoneos;
				VALIDATE_PRODUCT = YES;
			};
			name = Release;
		};
		CED5441D19C53D1C00D6C2DC /* Debug */ = {
			isa = XCBuildConfiguration;
			buildSettings = {
				ASSETCATALOG_COMPILER_APPICON_NAME = AppIcon;
				ASSETCATALOG_COMPILER_LAUNCHIMAGE_NAME = LaunchImage;
				GCC_PRECOMPILE_PREFIX_HEADER = YES;
				GCC_PREFIX_HEADER = "ResourceShare/ResourceShare-Prefix.pch";
				INFOPLIST_FILE = "ResourceShare/ResourceShare-Info.plist";
				PRODUCT_NAME = "$(TARGET_NAME)";
				WRAPPER_EXTENSION = app;
			};
			name = Debug;
		};
		CED5441E19C53D1C00D6C2DC /* Release */ = {
			isa = XCBuildConfiguration;
			buildSettings = {
				ASSETCATALOG_COMPILER_APPICON_NAME = AppIcon;
				ASSETCATALOG_COMPILER_LAUNCHIMAGE_NAME = LaunchImage;
				GCC_PRECOMPILE_PREFIX_HEADER = YES;
				GCC_PREFIX_HEADER = "ResourceShare/ResourceShare-Prefix.pch";
				INFOPLIST_FILE = "ResourceShare/ResourceShare-Info.plist";
				PRODUCT_NAME = "$(TARGET_NAME)";
				WRAPPER_EXTENSION = app;
			};
			name = Release;
		};
		CED5442019C53D1C00D6C2DC /* Debug */ = {
			isa = XCBuildConfiguration;
			buildSettings = {
				BUNDLE_LOADER = "$(BUILT_PRODUCTS_DIR)/ResourceShare.app/ResourceShare";
				FRAMEWORK_SEARCH_PATHS = (
					"$(SDKROOT)/Developer/Library/Frameworks",
					"$(inherited)",
					"$(DEVELOPER_FRAMEWORKS_DIR)",
				);
				GCC_PRECOMPILE_PREFIX_HEADER = YES;
				GCC_PREFIX_HEADER = "ResourceShare/ResourceShare-Prefix.pch";
				GCC_PREPROCESSOR_DEFINITIONS = (
					"DEBUG=1",
					"$(inherited)",
				);
				INFOPLIST_FILE = "ResourceShareTests/ResourceShareTests-Info.plist";
				PRODUCT_NAME = "$(TARGET_NAME)";
				TEST_HOST = "$(BUNDLE_LOADER)";
				WRAPPER_EXTENSION = xctest;
			};
			name = Debug;
		};
		CED5442119C53D1C00D6C2DC /* Release */ = {
			isa = XCBuildConfiguration;
			buildSettings = {
				BUNDLE_LOADER = "$(BUILT_PRODUCTS_DIR)/ResourceShare.app/ResourceShare";
				FRAMEWORK_SEARCH_PATHS = (
					"$(SDKROOT)/Developer/Library/Frameworks",
					"$(inherited)",
					"$(DEVELOPER_FRAMEWORKS_DIR)",
				);
				GCC_PRECOMPILE_PREFIX_HEADER = YES;
				GCC_PREFIX_HEADER = "ResourceShare/ResourceShare-Prefix.pch";
				INFOPLIST_FILE = "ResourceShareTests/ResourceShareTests-Info.plist";
				PRODUCT_NAME = "$(TARGET_NAME)";
				TEST_HOST = "$(BUNDLE_LOADER)";
				WRAPPER_EXTENSION = xctest;
			};
			name = Release;
		};
/* End XCBuildConfiguration section */

/* Begin XCConfigurationList section */
		CED543E519C53D1C00D6C2DC /* Build configuration list for PBXProject "ResourceShare" */ = {
			isa = XCConfigurationList;
			buildConfigurations = (
				CED5441A19C53D1C00D6C2DC /* Debug */,
				CED5441B19C53D1C00D6C2DC /* Release */,
			);
			defaultConfigurationIsVisible = 0;
			defaultConfigurationName = Release;
		};
		CED5441C19C53D1C00D6C2DC /* Build configuration list for PBXNativeTarget "ResourceShare" */ = {
			isa = XCConfigurationList;
			buildConfigurations = (
				CED5441D19C53D1C00D6C2DC /* Debug */,
				CED5441E19C53D1C00D6C2DC /* Release */,
			);
			defaultConfigurationIsVisible = 0;
		};
		CED5441F19C53D1C00D6C2DC /* Build configuration list for PBXNativeTarget "ResourceShareTests" */ = {
			isa = XCConfigurationList;
			buildConfigurations = (
				CED5442019C53D1C00D6C2DC /* Debug */,
				CED5442119C53D1C00D6C2DC /* Release */,
			);
			defaultConfigurationIsVisible = 0;
		};
/* End XCConfigurationList section */
	};
	rootObject = CED543E219C53D1C00D6C2DC /* Project object */;
}
